
Microsoft Visual Studio Solution File, Format Version 12.00
# Visual Studio 15
VisualStudioVersion = 15.0.26124.0
MinimumVisualStudioVersion = 15.0.26124.0
Project("{FAE04EC0-301F-11D3-BF4B-00C04F79EFBC}") = "Password.Test", "Password.Test\Password.Test.csproj", "{01E09782-07EB-43C4-8E04-ADBC1C0BF696}"
EndProject
Project("{FAE04EC0-301F-11D3-BF4B-00C04F79EFBC}") = "Password", "Password\Password.csproj", "{AB036AF5-20CA-4725-AAC8-763CC2841B94}"
EndProject
Project("{FAE04EC0-301F-11D3-BF4B-00C04F79EFBC}") = "Password.Runner", "Password.Runner\Password.Runner.csproj", "{A33C3836-D6E8-4FB0-A4EF-10CF1A239D71}"
EndProject
Global
	GlobalSection(SolutionConfigurationPlatforms) = preSolution
		Debug|Any CPU = Debug|Any CPU
		Debug|x64 = Debug|x64
		Debug|x86 = Debug|x86
		Release|Any CPU = Release|Any CPU
		Release|x64 = Release|x64
		Release|x86 = Release|x86
	EndGlobalSection
	GlobalSection(SolutionProperties) = preSolution
		HideSolutionNode = FALSE
	EndGlobalSection
	GlobalSection(ProjectConfigurationPlatforms) = postSolution
		{01E09782-07EB-43C4-8E04-ADBC1C0BF696}.Debug|Any CPU.ActiveCfg = Debug|Any CPU
		{01E09782-07EB-43C4-8E04-ADBC1C0BF696}.Debug|Any CPU.Build.0 = Debug|Any CPU
		{01E09782-07EB-43C4-8E04-ADBC1C0BF696}.Debug|x64.ActiveCfg = Debug|x64
		{01E09782-07EB-43C4-8E04-ADBC1C0BF696}.Debug|x64.Build.0 = Debug|x64
		{01E09782-07EB-43C4-8E04-ADBC1C0BF696}.Debug|x86.ActiveCfg = Debug|x86
		{01E09782-07EB-43C4-8E04-ADBC1C0BF696}.Debug|x86.Build.0 = Debug|x86
		{01E09782-07EB-43C4-8E04-ADBC1C0BF696}.Release|Any CPU.ActiveCfg = Release|Any CPU
		{01E09782-07EB-43C4-8E04-ADBC1C0BF696}.Release|Any CPU.Build.0 = Release|Any CPU
		{01E09782-07EB-43C4-8E04-ADBC1C0BF696}.Release|x64.ActiveCfg = Release|x64
		{01E09782-07EB-43C4-8E04-ADBC1C0BF696}.Release|x64.Build.0 = Release|x64
		{01E09782-07EB-43C4-8E04-ADBC1C0BF696}.Release|x86.ActiveCfg = Release|x86
		{01E09782-07EB-43C4-8E04-ADBC1C0BF696}.Release|x86.Build.0 = Release|x86
		{AB036AF5-20CA-4725-AAC8-763CC2841B94}.Debug|Any CPU.ActiveCfg = Debug|Any CPU
		{AB036AF5-20CA-4725-AAC8-763CC2841B94}.Debug|Any CPU.Build.0 = Debug|Any CPU
		{AB036AF5-20CA-4725-AAC8-763CC2841B94}.Debug|x64.ActiveCfg = Debug|x64
		{AB036AF5-20CA-4725-AAC8-763CC2841B94}.Debug|x64.Build.0 = Debug|x64
		{AB036AF5-20CA-4725-AAC8-763CC2841B94}.Debug|x86.ActiveCfg = Debug|x86
		{AB036AF5-20CA-4725-AAC8-763CC2841B94}.Debug|x86.Build.0 = Debug|x86
		{AB036AF5-20CA-4725-AAC8-763CC2841B94}.Release|Any CPU.ActiveCfg = Release|Any CPU
		{AB036AF5-20CA-4725-AAC8-763CC2841B94}.Release|Any CPU.Build.0 = Release|Any CPU
		{AB036AF5-20CA-4725-AAC8-763CC2841B94}.Release|x64.ActiveCfg = Release|x64
		{AB036AF5-20CA-4725-AAC8-763CC2841B94}.Release|x64.Build.0 = Release|x64
		{AB036AF5-20CA-4725-AAC8-763CC2841B94}.Release|x86.ActiveCfg = Release|x86
		{AB036AF5-20CA-4725-AAC8-763CC2841B94}.Release|x86.Build.0 = Release|x86
		{A33C3836-D6E8-4FB0-A4EF-10CF1A239D71}.Debug|Any CPU.ActiveCfg = Debug|Any CPU
		{A33C3836-D6E8-4FB0-A4EF-10CF1A239D71}.Debug|Any CPU.Build.0 = Debug|Any CPU
		{A33C3836-D6E8-4FB0-A4EF-10CF1A239D71}.Debug|x64.ActiveCfg = Debug|x64
		{A33C3836-D6E8-4FB0-A4EF-10CF1A239D71}.Debug|x64.Build.0 = Debug|x64
		{A33C3836-D6E8-4FB0-A4EF-10CF1A239D71}.Debug|x86.ActiveCfg = Debug|x86
		{A33C3836-D6E8-4FB0-A4EF-10CF1A239D71}.Debug|x86.Build.0 = Debug|x86
		{A33C3836-D6E8-4FB0-A4EF-10CF1A239D71}.Release|Any CPU.ActiveCfg = Release|Any CPU
		{A33C3836-D6E8-4FB0-A4EF-10CF1A239D71}.Release|Any CPU.Build.0 = Release|Any CPU
		{A33C3836-D6E8-4FB0-A4EF-10CF1A239D71}.Release|x64.ActiveCfg = Release|x64
		{A33C3836-D6E8-4FB0-A4EF-10CF1A239D71}.Release|x64.Build.0 = Release|x64
		{A33C3836-D6E8-4FB0-A4EF-10CF1A239D71}.Release|x86.ActiveCfg = Release|x86
		{A33C3836-D6E8-4FB0-A4EF-10CF1A239D71}.Release|x86.Build.0 = Release|x86
	EndGlobalSection
EndGlobal
